Microsoft Visual Studio Solution File, Format Version 12.00
# Visual Studio Version 17
VisualStudioVersion = 17.5.2.0
MinimumVisualStudioVersion = 10.0.40219.1
Project("{FAE04EC0-301F-11D3-BF4B-00C04F79EFBC}") = "EvolucaoTestes.IRPF", "EvolucaoTestes.IRPF.csproj", "{8C6DFC47-BAE4-FF51-D6DA-437B98FCBE66}"
EndProject
Global
	GlobalSection(SolutionConfigurationPlatforms) = preSolution
		Debug|Any CPU = Debug|Any CPU
		Release|Any CPU = Release|Any CPU
	EndGlobalSection
	GlobalSection(ProjectConfigurationPlatforms) = postSolution
		{8C6DFC47-BAE4-FF51-D6DA-437B98FCBE66}.Debug|Any CPU.ActiveCfg = Debug|Any CPU
		{8C6DFC47-BAE4-FF51-D6DA-437B98FCBE66}.Debug|Any CPU.Build.0 = Debug|Any CPU
		{8C6DFC47-BAE4-FF51-D6DA-437B98FCBE66}.Release|Any CPU.ActiveCfg = Release|Any CPU
		{8C6DFC47-BAE4-FF51-D6DA-437B98FCBE66}.Release|Any CPU.Build.0 = Release|Any CPU
	EndGlobalSection
	GlobalSection(SolutionProperties) = preSolution
		HideSolutionNode = FALSE
	EndGlobalSection
	GlobalSection(ExtensibilityGlobals) = postSolution
		SolutionGuid = {2B14751E-A1E2-4CC0-A179-DA29E7C2121D}
	EndGlobalSection
EndGlobal
